
Microsoft Visual Studio Solution File, Format Version 12.00
# Visual Studio Version 17
VisualStudioVersion = 17.1.32210.238
MinimumVisualStudioVersion = 10.0.40219.1
Project("{FAE04EC0-301F-11D3-BF4B-00C04F79EFBC}") = "POOSupermarket", "POOSupermarket\POOSupermarket.csproj", "{3813EA39-BE34-43B1-A9F9-2A58BA19B09B}"
EndProject
Global
	GlobalSection(SolutionConfigurationPlatforms) = preSolution
		Debug|Any CPU = Debug|Any CPU
		Release|Any CPU = Release|Any CPU
	EndGlobalSection
	GlobalSection(ProjectConfigurationPlatforms) = postSolution
		{3813EA39-BE34-43B1-A9F9-2A58BA19B09B}.Debug|Any CPU.ActiveCfg = Debug|Any CPU
		{3813EA39-BE34-43B1-A9F9-2A58BA19B09B}.Debug|Any CPU.Build.0 = Debug|Any CPU
		{3813EA39-BE34-43B1-A9F9-2A58BA19B09B}.Release|Any CPU.ActiveCfg = Release|Any CPU
		{3813EA39-BE34-43B1-A9F9-2A58BA19B09B}.Release|Any CPU.Build.0 = Release|Any CPU
	EndGlobalSection
	GlobalSection(SolutionProperties) = preSolution
		HideSolutionNode = FALSE
	EndGlobalSection
	GlobalSection(ExtensibilityGlobals) = postSolution
		SolutionGuid = {8144F02F-CA29-491F-A029-14279C56981E}
	EndGlobalSection
EndGlobal
